
Microsoft Visual Studio Solution File, Format Version 12.00
# Visual Studio Version 16
VisualStudioVersion = 16.0.29926.136
MinimumVisualStudioVersion = 10.0.40219.1
Project("{8BC9CEB8-8B4A-11D0-8D11-00A0C91BC942}") = "SpiritTrail", "SpiritTrail\SpiritTrail.vcxproj", "{0CA227A0-AECF-4D89-8831-26D4B0C2B3A5}"
EndProject
Project("{8BC9CEB8-8B4A-11D0-8D11-00A0C91BC942}") = "DynamicFov", "DynamicFov\DynamicFov.vcxproj", "{C5204058-8645-4BA3-8A4A-381E3A1187E5}"
EndProject
Project("{8BC9CEB8-8B4A-11D0-8D11-00A0C91BC942}") = "BallSticky", "BallSticky\BallSticky.vcxproj", "{342CFCE8-9DA9-4014-B3B6-5607E91FD680}"
EndProject
Project("{8BC9CEB8-8B4A-11D0-8D11-00A0C91BC942}") = "MapScripts", "MapScripts\MapScripts.vcxproj", "{4EBC40E4-EBC4-4269-95BE-E70EAA7EAD40}"
EndProject
Project("{8BC9CEB8-8B4A-11D0-8D11-00A0C91BC942}") = "DualBallControl", "DualBallControl\DualBallControl.vcxproj", "{7AA48BAC-A0AE-4F9F-8327-44005126AB24}"
EndProject
Project("{8BC9CEB8-8B4A-11D0-8D11-00A0C91BC942}") = "BMLModuls", "BMLModuls\BMLModuls.vcxproj", "{D5FF82FC-6583-4DC7-9FFB-F73C16D0BB4D}"
EndProject
Project("{8BC9CEB8-8B4A-11D0-8D11-00A0C91BC942}") = "TASSupport", "TASSupport\TASSupport.vcxproj", "{5C9831CE-8562-4B1F-AD1A-DAE5B0FECC8F}"
EndProject
Project("{8BC9CEB8-8B4A-11D0-8D11-00A0C91BC942}") = "TAS", "TAS\TAS.vcxproj", "{56C7C873-0F31-4375-9F40-BBF11D2225F7}"
EndProject
Project("{8BC9CEB8-8B4A-11D0-8D11-00A0C91BC942}") = "DeformedWB", "DeformedWB\DeformedWB.vcxproj", "{75F5A740-CBD1-4BD6-AEE4-A63D941DCCAF}"
EndProject
Global
	GlobalSection(SolutionConfigurationPlatforms) = preSolution
		Debug|x64 = Debug|x64
		Debug|x86 = Debug|x86
		Release|x64 = Release|x64
		Release|x86 = Release|x86
	EndGlobalSection
	GlobalSection(ProjectConfigurationPlatforms) = postSolution
		{0CA227A0-AECF-4D89-8831-26D4B0C2B3A5}.Debug|x64.ActiveCfg = Debug|Win32
		{0CA227A0-AECF-4D89-8831-26D4B0C2B3A5}.Debug|x86.ActiveCfg = Debug|Win32
		{0CA227A0-AECF-4D89-8831-26D4B0C2B3A5}.Debug|x86.Build.0 = Debug|Win32
		{0CA227A0-AECF-4D89-8831-26D4B0C2B3A5}.Release|x64.ActiveCfg = Release|Win32
		{0CA227A0-AECF-4D89-8831-26D4B0C2B3A5}.Release|x86.ActiveCfg = Release|Win32
		{0CA227A0-AECF-4D89-8831-26D4B0C2B3A5}.Release|x86.Build.0 = Release|Win32
		{C5204058-8645-4BA3-8A4A-381E3A1187E5}.Debug|x64.ActiveCfg = Debug|Win32
		{C5204058-8645-4BA3-8A4A-381E3A1187E5}.Debug|x86.ActiveCfg = Debug|Win32
		{C5204058-8645-4BA3-8A4A-381E3A1187E5}.Debug|x86.Build.0 = Debug|Win32
		{C5204058-8645-4BA3-8A4A-381E3A1187E5}.Release|x64.ActiveCfg = Release|Win32
		{C5204058-8645-4BA3-8A4A-381E3A1187E5}.Release|x86.ActiveCfg = Release|Win32
		{C5204058-8645-4BA3-8A4A-381E3A1187E5}.Release|x86.Build.0 = Release|Win32
		{342CFCE8-9DA9-4014-B3B6-5607E91FD680}.Debug|x64.ActiveCfg = Debug|Win32
		{342CFCE8-9DA9-4014-B3B6-5607E91FD680}.Debug|x86.ActiveCfg = Debug|Win32
		{342CFCE8-9DA9-4014-B3B6-5607E91FD680}.Debug|x86.Build.0 = Debug|Win32
		{342CFCE8-9DA9-4014-B3B6-5607E91FD680}.Release|x64.ActiveCfg = Release|Win32
		{342CFCE8-9DA9-4014-B3B6-5607E91FD680}.Release|x86.ActiveCfg = Release|Win32
		{342CFCE8-9DA9-4014-B3B6-5607E91FD680}.Release|x86.Build.0 = Release|Win32
		{4EBC40E4-EBC4-4269-95BE-E70EAA7EAD40}.Debug|x64.ActiveCfg = Debug|Win32
		{4EBC40E4-EBC4-4269-95BE-E70EAA7EAD40}.Debug|x86.ActiveCfg = Debug|Win32
		{4EBC40E4-EBC4-4269-95BE-E70EAA7EAD40}.Debug|x86.Build.0 = Debug|Win32
		{4EBC40E4-EBC4-4269-95BE-E70EAA7EAD40}.Release|x64.ActiveCfg = Release|Win32
		{4EBC40E4-EBC4-4269-95BE-E70EAA7EAD40}.Release|x86.ActiveCfg = Release|Win32
		{4EBC40E4-EBC4-4269-95BE-E70EAA7EAD40}.Release|x86.Build.0 = Release|Win32
		{7AA48BAC-A0AE-4F9F-8327-44005126AB24}.Debug|x64.ActiveCfg = Debug|Win32
		{7AA48BAC-A0AE-4F9F-8327-44005126AB24}.Debug|x86.ActiveCfg = Debug|Win32
		{7AA48BAC-A0AE-4F9F-8327-44005126AB24}.Debug|x86.Build.0 = Debug|Win32
		{7AA48BAC-A0AE-4F9F-8327-44005126AB24}.Release|x64.ActiveCfg = Release|Win32
		{7AA48BAC-A0AE-4F9F-8327-44005126AB24}.Release|x86.ActiveCfg = Release|Win32
		{7AA48BAC-A0AE-4F9F-8327-44005126AB24}.Release|x86.Build.0 = Release|Win32
		{D5FF82FC-6583-4DC7-9FFB-F73C16D0BB4D}.Debug|x64.ActiveCfg = Debug|Win32
		{D5FF82FC-6583-4DC7-9FFB-F73C16D0BB4D}.Debug|x86.ActiveCfg = Debug|Win32
		{D5FF82FC-6583-4DC7-9FFB-F73C16D0BB4D}.Debug|x86.Build.0 = Debug|Win32
		{D5FF82FC-6583-4DC7-9FFB-F73C16D0BB4D}.Release|x64.ActiveCfg = Release|Win32
		{D5FF82FC-6583-4DC7-9FFB-F73C16D0BB4D}.Release|x86.ActiveCfg = Release|Win32
		{D5FF82FC-6583-4DC7-9FFB-F73C16D0BB4D}.Release|x86.Build.0 = Release|Win32
		{5C9831CE-8562-4B1F-AD1A-DAE5B0FECC8F}.Debug|x64.ActiveCfg = Debug|Win32
		{5C9831CE-8562-4B1F-AD1A-DAE5B0FECC8F}.Debug|x86.ActiveCfg = Debug|Win32
		{5C9831CE-8562-4B1F-AD1A-DAE5B0FECC8F}.Debug|x86.Build.0 = Debug|Win32
		{5C9831CE-8562-4B1F-AD1A-DAE5B0FECC8F}.Release|x64.ActiveCfg = Release|Win32
		{5C9831CE-8562-4B1F-AD1A-DAE5B0FECC8F}.Release|x86.ActiveCfg = Release|Win32
		{5C9831CE-8562-4B1F-AD1A-DAE5B0FECC8F}.Release|x86.Build.0 = Release|Win32
		{56C7C873-0F31-4375-9F40-BBF11D2225F7}.Debug|x64.ActiveCfg = Debug|x64
		{56C7C873-0F31-4375-9F40-BBF11D2225F7}.Debug|x64.Build.0 = Debug|x64
		{56C7C873-0F31-4375-9F40-BBF11D2225F7}.Debug|x86.ActiveCfg = Debug|Win32
		{56C7C873-0F31-4375-9F40-BBF11D2225F7}.Debug|x86.Build.0 = Debug|Win32
		{56C7C873-0F31-4375-9F40-BBF11D2225F7}.Release|x64.ActiveCfg = Release|x64
		{56C7C873-0F31-4375-9F40-BBF11D2225F7}.Release|x64.Build.0 = Release|x64
		{56C7C873-0F31-4375-9F40-BBF11D2225F7}.Release|x86.ActiveCfg = Release|Win32
		{56C7C873-0F31-4375-9F40-BBF11D2225F7}.Release|x86.Build.0 = Release|Win32
		{75F5A740-CBD1-4BD6-AEE4-A63D941DCCAF}.Debug|x64.ActiveCfg = Debug|x64
		{75F5A740-CBD1-4BD6-AEE4-A63D941DCCAF}.Debug|x64.Build.0 = Debug|x64
		{75F5A740-CBD1-4BD6-AEE4-A63D941DCCAF}.Debug|x86.ActiveCfg = Debug|Win32
		{75F5A740-CBD1-4BD6-AEE4-A63D941DCCAF}.Debug|x86.Build.0 = Debug|Win32
		{75F5A740-CBD1-4BD6-AEE4-A63D941DCCAF}.Release|x64.ActiveCfg = Release|x64
		{75F5A740-CBD1-4BD6-AEE4-A63D941DCCAF}.Release|x64.Build.0 = Release|x64
		{75F5A740-CBD1-4BD6-AEE4-A63D941DCCAF}.Release|x86.ActiveCfg = Release|Win32
		{75F5A740-CBD1-4BD6-AEE4-A63D941DCCAF}.Release|x86.Build.0 = Release|Win32
	EndGlobalSection
	GlobalSection(SolutionProperties) = preSolution
		HideSolutionNode = FALSE
	EndGlobalSection
	GlobalSection(ExtensibilityGlobals) = postSolution
		SolutionGuid = {E646602A-1E6C-4C7D-9701-ACDFA3BA1666}
	EndGlobalSection
EndGlobal
